
Microsoft Visual Studio Solution File, Format Version 12.00
# Visual Studio Version 17
VisualStudioVersion = 17.14.36121.58 d17.14
MinimumVisualStudioVersion = 10.0.40219.1
Project("{FAE04EC0-301F-11D3-BF4B-00C04F79EFBC}") = "Device.Management.API", "Device.Management.API.csproj", "{20FB2AF0-3E5C-42CD-8F06-104B8CACA141}"
EndProject
Global
	GlobalSection(SolutionConfigurationPlatforms) = preSolution
		Debug|Any CPU = Debug|Any CPU
		Release|Any CPU = Release|Any CPU
	EndGlobalSection
	GlobalSection(ProjectConfigurationPlatforms) = postSolution
		{20FB2AF0-3E5C-42CD-8F06-104B8CACA141}.Debug|Any CPU.ActiveCfg = Debug|Any CPU
		{20FB2AF0-3E5C-42CD-8F06-104B8CACA141}.Debug|Any CPU.Build.0 = Debug|Any CPU
		{20FB2AF0-3E5C-42CD-8F06-104B8CACA141}.Release|Any CPU.ActiveCfg = Release|Any CPU
		{20FB2AF0-3E5C-42CD-8F06-104B8CACA141}.Release|Any CPU.Build.0 = Release|Any CPU
	EndGlobalSection
	GlobalSection(SolutionProperties) = preSolution
		HideSolutionNode = FALSE
	EndGlobalSection
	GlobalSection(ExtensibilityGlobals) = postSolution
		SolutionGuid = {D38E4912-9F4E-4B75-8A60-CA08212DDF70}
	EndGlobalSection
EndGlobal
